hash: 82705bae472971af4b125aff251db0a4598c0cffca95abb89fa8a28470e947cd
updated: 2018-04-07T13:26:29.674016+02:00
imports:
- name: github.com/fatih/structs
  version: ebf56d35bba727c68ac77f56f2fcf90b181851aa
- name: github.com/wesovilabs/goconfig
  version: a38cc884ea08c7b1a966103fff0357aeeab4c2e4
- name: gopkg.in/yaml.v2
  version: 7f97868eec74b32b0982dd158a51a446d1da7eb5
testImports: []
